<?xml version="1.0" encoding="utf-8"?>
<Project ToolsVersion="4.0" xmlns="http://schemas.microsoft.com/developer/msbuild/2003">
  <ItemGroup>
    <Filter Include="Source Files">
      <UniqueIdentifier>{4FC737F1-C7A5-4376-A066-2A32D752A2FF}</UniqueIdentifier>
      <Extensions>cpp;c;cc;cxx;c++;cppm;ixx;def;odl;idl;hpj;bat;asm;asmx</Extensions>
    </Filter>
    <Filter Include="Resource Files">
      <UniqueIdentifier>{67DA6AB6-F800-4c08-8B7A-83BB121AAD01}</UniqueIdentifier>
      <Extensions>rc;ico;cur;bmp;dlg;rc2;rct;bin;rgs;gif;jpg;jpeg;jpe;resx;tiff;tif;png;wav;mfcribbon-ms</Extensions>
    </Filter>
    <Filter Include="Header Files">
      <UniqueIdentifier>{0aaa7f1b-06b2-499d-9dd8-d232c63191c1}</UniqueIdentifier>
    </Filter>
  </ItemGroup>
  <ItemGroup>
    <ClCompile Include="main.cpp">
      <Filter>Source Files</Filter>
    </ClCompile>
    <ClCompile Include="sources\pipeline\ObjectSnapshot.cpp">
      <Filter>Source Files</Filter>
    </ClCompile>
    <ClCompile Include="sources\pipeline\VideoLoader.cpp">
      <Filter>Source Files</Filter>
    </ClCompile>
    <ClCompile Include="sources\pipeline\ImageSnapshot.cpp">
      <Filter>Source Files</Filter>
    </ClCompile>
    <ClCompile Include="sources\pipeline\VideoSnapshot.cpp">
      <Filter>Source Files</Filter>
    </ClCompile>
    <ClCompile Include="sources\pipeline\ImageOperator.cpp">
      <Filter>Source Files</Filter>
    </ClCompile>
    <ClCompile Include="sources\pipeline\VideoOperator.cpp">
      <Filter>Source Files</Filter>
    </ClCompile>
    <ClCompile Include="sources\pipeline\ImageOperatorFactory.cpp">
      <Filter>Source Files</Filter>
    </ClCompile>
    <ClCompile Include="sources\pipeline\VideoOperatorFactory.cpp">
      <Filter>Source Files</Filter>
    </ClCompile>
  </ItemGroup>
  <ItemGroup>
    <ClInclude Include="sources\pipeline\AbstractLoader.h">
      <Filter>Header Files</Filter>
    </ClInclude>
    <ClInclude Include="sources\pipeline\AbstractOperator.h">
      <Filter>Header Files</Filter>
    </ClInclude>
    <ClInclude Include="sources\pipeline\AbstractOperatorFactory.h">
      <Filter>Header Files</Filter>
    </ClInclude>
    <ClInclude Include="sources\pipeline\AbstractPipeline.h">
      <Filter>Header Files</Filter>
    </ClInclude>
    <ClInclude Include="sources\pipeline\ObjectSnapshot.h">
      <Filter>Header Files</Filter>
    </ClInclude>
    <ClInclude Include="sources\pipeline\VideoSnapshot.h">
      <Filter>Header Files</Filter>
    </ClInclude>
    <ClInclude Include="sources\pipeline\ImageLoader.h">
      <Filter>Header Files</Filter>
    </ClInclude>
    <ClInclude Include="sources\pipeline\ImageSnapshot.h">
      <Filter>Header Files</Filter>
    </ClInclude>
    <ClInclude Include="sources\pipeline\VideoLoader.h">
      <Filter>Header Files</Filter>
    </ClInclude>
    <ClInclude Include="sources\pipeline\ImageOperator.h">
      <Filter>Header Files</Filter>
    </ClInclude>
    <ClInclude Include="sources\pipeline\VideoOperator.h">
      <Filter>Header Files</Filter>
    </ClInclude>
    <ClInclude Include="sources\pipeline\ImageOperatorFactory.h">
      <Filter>Header Files</Filter>
    </ClInclude>
    <ClInclude Include="sources\pipeline\VideoOperatorFactory.h">
      <Filter>Header Files</Filter>
    </ClInclude>
  </ItemGroup>
</Project>